
Microsoft Visual Studio Solution File, Format Version 12.00
# Visual Studio Version 16
VisualStudioVersion = 16.0.31624.102
MinimumVisualStudioVersion = 10.0.40219.1
Project("{FAE04EC0-301F-11D3-BF4B-00C04F79EFBC}") = "Theatre", "Theatre\Theatre.csproj", "{4E7DA1F0-966E-48C9-A4F2-2DA21AE9544D}"
EndProject
Global
	GlobalSection(SolutionConfigurationPlatforms) = preSolution
		Debug|Any CPU = Debug|Any CPU
		Release|Any CPU = Release|Any CPU
	EndGlobalSection
	GlobalSection(ProjectConfigurationPlatforms) = postSolution
		{4E7DA1F0-966E-48C9-A4F2-2DA21AE9544D}.Debug|Any CPU.ActiveCfg = Debug|Any CPU
		{4E7DA1F0-966E-48C9-A4F2-2DA21AE9544D}.Debug|Any CPU.Build.0 = Debug|Any CPU
		{4E7DA1F0-966E-48C9-A4F2-2DA21AE9544D}.Release|Any CPU.ActiveCfg = Release|Any CPU
		{4E7DA1F0-966E-48C9-A4F2-2DA21AE9544D}.Release|Any CPU.Build.0 = Release|Any CPU
	EndGlobalSection
	GlobalSection(SolutionProperties) = preSolution
		HideSolutionNode = FALSE
	EndGlobalSection
	GlobalSection(ExtensibilityGlobals) = postSolution
		SolutionGuid = {097D5EEB-80EE-4AB7-B17E-1A76FC8BF2F9}
	EndGlobalSection
EndGlobal
